{
  "nodes": {
    "flake-parts": {
      "inputs": {
        "nixpkgs-lib": [
          "steam-config-nix",
          "nixpkgs"
        ]
      },
      "locked": {
        "lastModified": 1785627969,
        "narHash": "sha256-4dtXQk/NMePegK/nWp5NSeuZKLATItOq61lpEvmXqGw=",
        "owner": "hercules-ci",
        "repo": "flake-parts",
        "rev": "427bf4bd9435fdf21321c8cc628c24efc14c0f7a",
        "type": "github"
      },
      "original": {
        "owner": "hercules-ci",
        "repo": "flake-parts",
        "type": "github"
      }
    },
    "home-manager": {
      "inputs": {
        "nixpkgs": [
          "nixpkgs"
        ]
      },
      "locked": {
        "lastModified": 1786988494,
        "narHash": "sha256-nZcYMi4nJxjqp8atEWkowCtRQplS6RuzqIxcPUqG0CA=",
        "owner": "nix-community",
        "repo": "home-manager",
        "rev": "ec161155d76f7ec25404c0da2fa9f5f133f6ae4c",
        "type": "github"
      },
      "original": {
        "owner": "nix-community",
        "repo": "home-manager",
        "type": "github"
      }
    },
    "nix-vscode-extensions": {
      "inputs": {
        "nixpkgs": [
          "nixpkgs"
        ]
      },
      "locked": {
        "lastModified": 1786931087,
        "narHash": "sha256-ROGmp36Dc47QlkANLzCMmpFOcWLRFS3VZsGar+k/M6Y=",
        "owner": "nix-community",
        "repo": "nix-vscode-extensions",
        "rev": "ced710ba99b6f2d2f714765f00b4db4baa1d5844",
        "type": "github"
      },
      "original": {
        "owner": "nix-community",
        "repo": "nix-vscode-extensions",
        "type": "github"
      }
    },
    "nixpkgs": {
      "locked": {
        "lastModified": 1786862985,
        "narHash": "sha256-FBJRXmbGXiSUDvYEbfLYRkckayyZ6SK1UEqhCrIZ2Cs=",
        "owner": "NixOS",
        "repo": "nixpkgs",
        "rev": "e5bdc4a41d4c072fe1e3787eaa0320a384741d44",
        "type": "github"
      },
      "original": {
        "owner": "NixOS",
        "ref": "nixos-unstable",
        "repo": "nixpkgs",
        "type": "github"
      }
    },
    "nixpkgs-stable": {
      "locked": {
        "lastModified": 1786943417,
        "narHash": "sha256-b4qgjdFtlz5TAZ1Hi7DFJeqX3sjaDUnrwr9OO+O1rM0=",
        "owner": "NixOS",
        "repo": "nixpkgs",
        "rev": "0dd31db7e6dbf9ce05697c4545f6fe01accec994",
        "type": "github"
      },
      "original": {
        "owner": "NixOS",
        "ref": "nixos-26.05",
        "repo": "nixpkgs",
        "type": "github"
      }
    },
    "root": {
      "inputs": {
        "home-manager": "home-manager",
        "nix-vscode-extensions": "nix-vscode-extensions",
        "nixpkgs": "nixpkgs",
        "nixpkgs-stable": "nixpkgs-stable",
        "steam-config-nix": "steam-config-nix"
      }
    },
    "steam-config-nix": {
      "inputs": {
        "flake-parts": "flake-parts",
        "nixpkgs": [
          "nixpkgs"
        ],
        "systems": "systems"
      },
      "locked": {
        "lastModified": 1786793596,
        "narHash": "sha256-gif52G1Z57qQrvkHiwWHvn42qNkh6engloF2ZdTW950=",
        "owner": "different-name",
        "repo": "steam-config-nix",
        "rev": "30dc17418e7aff0b78ee14ef6c451b5f3422e792",
        "type": "github"
      },
      "original": {
        "owner": "different-name",
        "repo": "steam-config-nix",
        "type": "github"
      }
    },
    "systems": {
      "locked": {
        "lastModified": 1681028828,
        "narHash": "sha256-Vy1rq5AaRuLzOxct8nz4T6wlgyUR7zLU309k9mBC768=",
        "owner": "nix-systems",
        "repo": "default",
        "rev": "da67096a3b9bf56a91d16901293e51ba5b49a27e",
        "type": "github"
      },
      "original": {
        "owner": "nix-systems",
        "repo": "default",
        "type": "github"
      }
    }
  },
  "root": "root",
  "version": 7
}
